
Microsoft Visual Studio Solution File, Format Version 12.00
# Visual Studio Version 17
VisualStudioVersion = 17.8.34322.80
MinimumVisualStudioVersion = 10.0.40219.1
Project("{9A19103F-16F7-4668-BE54-9A1E7A4F7556}") = "Lubricentro.Api", "Lubricentro.Api\Lubricentro.Api.csproj", "{1F0B5AE1-9A2E-49EA-8BAD-75AD9CC2D309}"
EndProject
Project("{9A19103F-16F7-4668-BE54-9A1E7A4F7556}") = "Lubricentro.Contracts", "Lubricentro.Contracts\Lubricentro.Contracts.csproj", "{5B100F11-AE85-4A03-9E23-6D812A50FBD9}"
EndProject
Project("{9A19103F-16F7-4668-BE54-9A1E7A4F7556}") = "Lubricentro.Infrastructure", "Lubricentro.Infrastructure\Lubricentro.Infrastructure.csproj", "{141D484A-7324-49D0-A8C2-2EF53B8BF524}"
EndProject
Project("{9A19103F-16F7-4668-BE54-9A1E7A4F7556}") = "Lubricentro.Application", "Lubricentro.Application\Lubricentro.Application.csproj", "{DEA336A7-715F-458A-99E4-0A864E01EA5B}"
EndProject
Project("{9A19103F-16F7-4668-BE54-9A1E7A4F7556}") = "Lubricentro.Domain", "Lubricentro.Domain\Lubricentro.Domain.csproj", "{157859C9-9ABC-4BFF-A458-B446367751BB}"
EndProject
Global
	GlobalSection(SolutionConfigurationPlatforms) = preSolution
		Debug|Any CPU = Debug|Any CPU
		Release|Any CPU = Release|Any CPU
	EndGlobalSection
	GlobalSection(ProjectConfigurationPlatforms) = postSolution
		{1F0B5AE1-9A2E-49EA-8BAD-75AD9CC2D309}.Debug|Any CPU.ActiveCfg = Debug|Any CPU
		{1F0B5AE1-9A2E-49EA-8BAD-75AD9CC2D309}.Debug|Any CPU.Build.0 = Debug|Any CPU
		{1F0B5AE1-9A2E-49EA-8BAD-75AD9CC2D309}.Release|Any CPU.ActiveCfg = Release|Any CPU
		{1F0B5AE1-9A2E-49EA-8BAD-75AD9CC2D309}.Release|Any CPU.Build.0 = Release|Any CPU
		{5B100F11-AE85-4A03-9E23-6D812A50FBD9}.Debug|Any CPU.ActiveCfg = Debug|Any CPU
		{5B100F11-AE85-4A03-9E23-6D812A50FBD9}.Debug|Any CPU.Build.0 = Debug|Any CPU
		{5B100F11-AE85-4A03-9E23-6D812A50FBD9}.Release|Any CPU.ActiveCfg = Release|Any CPU
		{5B100F11-AE85-4A03-9E23-6D812A50FBD9}.Release|Any CPU.Build.0 = Release|Any CPU
		{141D484A-7324-49D0-A8C2-2EF53B8BF524}.Debug|Any CPU.ActiveCfg = Debug|Any CPU
		{141D484A-7324-49D0-A8C2-2EF53B8BF524}.Debug|Any CPU.Build.0 = Debug|Any CPU
		{141D484A-7324-49D0-A8C2-2EF53B8BF524}.Release|Any CPU.ActiveCfg = Release|Any CPU
		{141D484A-7324-49D0-A8C2-2EF53B8BF524}.Release|Any CPU.Build.0 = Release|Any CPU
		{DEA336A7-715F-458A-99E4-0A864E01EA5B}.Debug|Any CPU.ActiveCfg = Debug|Any CPU
		{DEA336A7-715F-458A-99E4-0A864E01EA5B}.Debug|Any CPU.Build.0 = Debug|Any CPU
		{DEA336A7-715F-458A-99E4-0A864E01EA5B}.Release|Any CPU.ActiveCfg = Release|Any CPU
		{DEA336A7-715F-458A-99E4-0A864E01EA5B}.Release|Any CPU.Build.0 = Release|Any CPU
		{157859C9-9ABC-4BFF-A458-B446367751BB}.Debug|Any CPU.ActiveCfg = Debug|Any CPU
		{157859C9-9ABC-4BFF-A458-B446367751BB}.Debug|Any CPU.Build.0 = Debug|Any CPU
		{157859C9-9ABC-4BFF-A458-B446367751BB}.Release|Any CPU.ActiveCfg = Release|Any CPU
		{157859C9-9ABC-4BFF-A458-B446367751BB}.Release|Any CPU.Build.0 = Release|Any CPU
	EndGlobalSection
	GlobalSection(SolutionProperties) = preSolution
		HideSolutionNode = FALSE
	EndGlobalSection
	GlobalSection(ExtensibilityGlobals) = postSolution
		SolutionGuid = {DE543DA2-8A7C-45F5-BB91-8426CCEF7BF8}
	EndGlobalSection
EndGlobal
